{
  "name": "app008-ts-workflow-saga",
  "lockfileVersion": 3,
  "requires": true,
  "packages": {
    "": {
      "name": "app008-ts-workflow-saga",
      "workspaces": [
        "packages/*"
      ],
      "devDependencies": {
        "@types/node": "^24.0.0",
        "typescript": "^5.9.0"
      }
    },
    "node_modules/@app008/definitions": {
      "resolved": "packages/definitions",
      "link": true
    },
    "node_modules/@app008/history": {
      "resolved": "packages/history",
      "link": true
    },
    "node_modules/@app008/runtime": {
      "resolved": "packages/runtime",
      "link": true
    },
    "node_modules/@app008/saga": {
      "resolved": "packages/saga",
      "link": true
    },
    "node_modules/@app008/timers": {
      "resolved": "packages/timers",
      "link": true
    },
    "node_modules/@types/node": {
      "version": "24.19.2",
      "resolved": "https://registry.npmjs.org/@types/node/-/node-24.19.2.tgz",
      "integrity": "sha512-93d49wCWJkCyN87MxLpNN6KXPCwFw7bVUg79mGUV1OS40JGWwVCr8n61DXCSqz7CV6/VfPkb7xec7uP2M+QHWQ==",
      "dev": true,
      "license": "MIT",
      "dependencies": {
        "undici-types": ">=7.24.0 <7.24.7"
      }
    },
    "node_modules/typescript": {
      "version": "5.9.3",
      "resolved": "https://registry.npmjs.org/typescript/-/typescript-5.9.3.tgz",
      "integrity": "sha512-jl1vZzPDinLr9eUt3J/t7V6FgNEw9QjvBPdysz9KfQDD41fQrC2Y4vKQdiaUpFT4bXlb1RHhLpp8wtm6M5TgSw==",
      "dev": true,
      "license": "Apache-2.0",
      "bin": {
        "tsc": "bin/tsc",
        "tsserver": "bin/tsserver"
      },
      "engines": {
        "node": ">=14.17"
      }
    },
    "node_modules/undici-types": {
      "version": "7.24.6",
      "resolved": "https://registry.npmjs.org/undici-types/-/undici-types-7.24.6.tgz",
      "integrity": "sha512-WRNW+sJgj5OBN4/0JpHFqtqzhpbnV0GuB+OozA9gCL7a993SmU+1JBZCzLNxYsbMfIeDL+lTsphD5jN5N+n0zg==",
      "dev": true,
      "license": "MIT"
    },
    "packages/definitions": {
      "name": "@app008/definitions",
      "version": "1.0.0",
      "dependencies": {
        "@app008/history": "1.0.0"
      }
    },
    "packages/history": {
      "name": "@app008/history",
      "version": "1.0.0"
    },
    "packages/runtime": {
      "name": "@app008/runtime",
      "version": "1.0.0",
      "dependencies": {
        "@app008/definitions": "1.0.0",
        "@app008/history": "1.0.0",
        "@app008/saga": "1.0.0",
        "@app008/timers": "1.0.0"
      }
    },
    "packages/saga": {
      "name": "@app008/saga",
      "version": "1.0.0",
      "dependencies": {
        "@app008/definitions": "1.0.0",
        "@app008/timers": "1.0.0"
      }
    },
    "packages/timers": {
      "name": "@app008/timers",
      "version": "1.0.0"
    }
  }
}
