# This file is automatically @generated by Cargo.
# It is not intended for manual editing.
version = 4

[[package]]
name = "rx-cli"
version = "0.1.0"
dependencies = [
 "rx-dfa",
 "rx-engine",
 "rx-nfa",
 "rx-syntax",
 "rx-vm",
]

[[package]]
name = "rx-dfa"
version = "0.1.0"
dependencies = [
 "rx-nfa",
 "rx-syntax",
]

[[package]]
name = "rx-engine"
version = "0.1.0"
dependencies = [
 "rx-dfa",
 "rx-nfa",
 "rx-syntax",
 "rx-vm",
]

[[package]]
name = "rx-nfa"
version = "0.1.0"
dependencies = [
 "rx-syntax",
]

[[package]]
name = "rx-syntax"
version = "0.1.0"

[[package]]
name = "rx-vm"
version = "0.1.0"
dependencies = [
 "rx-syntax",
]
