# This file is automatically @generated by Cargo.
# It is not intended for manual editing.
version = 4

[[package]]
name = "exprlang-driver"
version = "0.1.0"
dependencies = [
 "exprlang-eval",
 "exprlang-syntax",
 "exprlang-types",
]

[[package]]
name = "exprlang-eval"
version = "0.1.0"
dependencies = [
 "exprlang-syntax",
 "exprlang-types",
]

[[package]]
name = "exprlang-syntax"
version = "0.1.0"

[[package]]
name = "exprlang-types"
version = "0.1.0"
dependencies = [
 "exprlang-syntax",
]
