{
  "name": "stub-workspace-repro",
  "lockfileVersion": 3,
  "requires": true,
  "packages": {
    "": {
      "name": "stub-workspace-repro",
      "workspaces": [
        "packages/*"
      ]
    },
    "node_modules/@repro/math": {
      "resolved": "packages/math",
      "link": true
    },
    "packages/math": {
      "name": "@repro/math",
      "version": "0.0.0"
    }
  }
}
